{
  "originHash" : "79a6fa19413f62e2a12190daf9b02c92e6ed6b35e8359687db71678a7b945c89",
  "pins" : [
    {
      "identity" : "wwcurrency",
      "kind" : "remoteSourceControl",
      "location" : "https://github.com/William-Weng/WWCurrency",
      "state" : {
        "revision" : "914f6fa3a4eeaf7210e3b625eafaf735c83dca29",
        "version" : "0.5.1"
      }
    }
  ],
  "version" : 3
}
